
Microsoft Visual Studio Solution File, Format Version 11.00
# Visual Studio 2010
Project("{8BC9CEB8-8B4A-11D0-8D11-00A0C91BC942}") = "QDockPanelLib", "QDockPanelLib.vcxproj", "{F215AEDF-9EA6-369A-AB54-34E52755E362}"
EndProject
Global
	GlobalSection(SolutionConfigurationPlatforms) = preSolution
		Debug|Win32 = Debug|Win32
		Release|Win32 = Release|Win32
	EndGlobalSection
	GlobalSection(ProjectConfigurationPlatforms) = postSolution
		{F215AEDF-9EA6-369A-AB54-34E52755E362}.Debug|Win32.ActiveCfg = Debug|Win32
		{F215AEDF-9EA6-369A-AB54-34E52755E362}.Debug|Win32.Build.0 = Debug|Win32
		{F215AEDF-9EA6-369A-AB54-34E52755E362}.Release|Win32.ActiveCfg = Release|Win32
		{F215AEDF-9EA6-369A-AB54-34E52755E362}.Release|Win32.Build.0 = Release|Win32
	EndGlobalSection
	GlobalSection(SolutionProperties) = preSolution
		HideSolutionNode = FALSE
	EndGlobalSection
EndGlobal
